<?xml version="1.0" encoding="utf-8"?>
<Project ToolsVersion="4.0" xmlns="http://schemas.microsoft.com/developer/msbuild/2003">
  <ItemGroup>
    <Filter Include="Source Files">
      <UniqueIdentifier>{4FC737F1-C7A5-4376-A066-2A32D752A2FF}</UniqueIdentifier>
      <Extensions>
      </Extensions>
    </Filter>
    <Filter Include="Resource Files">
      <UniqueIdentifier>{67DA6AB6-F800-4c08-8B7A-83BB121AAD01}</UniqueIdentifier>
      <Extensions>rc;ico;cur;bmp;dlg;rc2;rct;bin;rgs;gif;jpg;jpeg;jpe;resx;tiff;tif;png;wav;mfcribbon-ms</Extensions>
    </Filter>
    <Filter Include="Source Files\Graphics">
      <UniqueIdentifier>{11c5cd61-ddbc-4339-af83-58e16b9927f9}</UniqueIdentifier>
    </Filter>
    <Filter Include="Source Files\Graphics\Shaders">
      <UniqueIdentifier>{db32f9ed-7f8e-4408-944b-5e0cedee253a}</UniqueIdentifier>
    </Filter>
    <Filter Include="Source Files\Graphics\Objects">
      <UniqueIdentifier>{9d78fb24-74ca-46ec-887b-e5124dd70425}</UniqueIdentifier>
    </Filter>
  </ItemGroup>
  <ItemGroup>
    <None Include="..\src\Graphics\Shaders\basic_shader.frag">
      <Filter>Source Files\Graphics\Shaders</Filter>
    </None>
    <None Include="..\src\Graphics\Shaders\basic_shader.vert">
      <Filter>Source Files\Graphics\Shaders</Filter>
    </None>
    <None Include="..\prj\packages.config" />
  </ItemGroup>
  <ItemGroup>
    <ClCompile Include="..\src\Graphics\Objects\Cube.cpp">
      <Filter>Source Files\Graphics\Objects</Filter>
    </ClCompile>
    <ClCompile Include="..\src\Graphics\shader.cpp">
      <Filter>Source Files\Graphics</Filter>
    </ClCompile>
    <ClCompile Include="..\src\Graphics\Window.cpp">
      <Filter>Source Files\Graphics</Filter>
    </ClCompile>
    <ClCompile Include="..\src\client_main.cpp">
      <Filter>Source Files</Filter>
    </ClCompile>
    <ClCompile Include="..\src\Graphics\Objects\Mesh.cpp">
      <Filter>Source Files\Graphics\Objects</Filter>
    </ClCompile>
    <ClCompile Include="..\src\Graphics\Objects\Model.cpp">
      <Filter>Source Files\Graphics\Objects</Filter>
    </ClCompile>
    <ClCompile Include="..\src\Graphics\Nodes.cpp">
      <Filter>Source Files\Graphics</Filter>
    </ClCompile>
    <ClCompile Include="..\src\Graphics\Camera.cpp">
      <Filter>Source Files\Graphics</Filter>
    </ClCompile>
    <ClCompile Include="..\src\Graphics\Scene.cpp">
      <Filter>Source Files\Graphics</Filter>
    </ClCompile>
  </ItemGroup>
  <ItemGroup>
    <ClInclude Include="..\src\Graphics\Objects\Cube.h">
      <Filter>Source Files\Graphics\Objects</Filter>
    </ClInclude>
    <ClInclude Include="..\src\Graphics\Window.h">
      <Filter>Source Files\Graphics</Filter>
    </ClInclude>
    <ClInclude Include="..\src\client_main.h">
      <Filter>Source Files</Filter>
    </ClInclude>
    <ClInclude Include="..\src\Graphics\Objects\Mesh.h">
      <Filter>Source Files\Graphics\Objects</Filter>
    </ClInclude>
    <ClInclude Include="..\src\Graphics\Shader.h">
      <Filter>Source Files\Graphics</Filter>
    </ClInclude>
    <ClInclude Include="..\src\Graphics\Objects\Model.h">
      <Filter>Source Files\Graphics\Objects</Filter>
    </ClInclude>
    <ClInclude Include="..\src\Graphics\Nodes.h">
      <Filter>Source Files\Graphics</Filter>
    </ClInclude>
    <ClInclude Include="..\src\Graphics\Scenegraph.h">
      <Filter>Source Files\Graphics</Filter>
    </ClInclude>
    <ClInclude Include="..\src\Graphics\Camera.h">
      <Filter>Source Files\Graphics</Filter>
    </ClInclude>
    <ClInclude Include="..\src\Graphics\Scene.h">
      <Filter>Source Files\Graphics</Filter>
    </ClInclude>
  </ItemGroup>
</Project>
