<?xml version="1.0" encoding="utf-8"?>
<Project ToolsVersion="4.0" xmlns="http://schemas.microsoft.com/developer/msbuild/2003">
  <ItemGroup>
    <ClCompile Include="..\src\Graphics\Camera.cpp">
      <Filter>Source Files\Graphics</Filter>
    </ClCompile>
    <ClCompile Include="..\src\Graphics\Mesh.cpp">
      <Filter>Source Files\Graphics</Filter>
    </ClCompile>
    <ClCompile Include="..\src\Graphics\Model.cpp">
      <Filter>Source Files\Graphics</Filter>
    </ClCompile>
    <ClCompile Include="..\src\Graphics\Nodes.cpp">
      <Filter>Source Files\Graphics</Filter>
    </ClCompile>
    <ClCompile Include="..\src\Graphics\Scene.cpp">
      <Filter>Source Files\Graphics</Filter>
    </ClCompile>
    <ClCompile Include="..\src\Graphics\Shader.cpp">
      <Filter>Source Files\Graphics</Filter>
    </ClCompile>
    <ClCompile Include="..\src\Graphics\Objects\Chicken.cpp">
      <Filter>Source Files\Graphics\Objects</Filter>
    </ClCompile>
    <ClCompile Include="..\src\Graphics\Objects\Cube.cpp">
      <Filter>Source Files\Graphics\Objects</Filter>
    </ClCompile>
    <ClCompile Include="..\src\network\NetworkServices.cpp">
      <Filter>Source Files\Network</Filter>
    </ClCompile>
    <ClCompile Include="..\src\Graphics\Objects\Ground.cpp">
      <Filter>Source Files\Graphics\Objects</Filter>
    </ClCompile>
    <ClCompile Include="..\src\Graphics\Objects\CubeMap.cpp">
      <Filter>Source Files\Graphics\Objects</Filter>
    </ClCompile>
    <ClCompile Include="..\src\client\ClientGame.cpp">
      <Filter>Source Files</Filter>
    </ClCompile>
    <ClCompile Include="..\src\client\ClientNetwork.cpp">
      <Filter>Source Files</Filter>
    </ClCompile>
    <ClCompile Include="..\src\client\main.cpp">
      <Filter>Source Files</Filter>
    </ClCompile>
    <ClCompile Include="..\src\client\Player.cpp">
      <Filter>Source Files</Filter>
    </ClCompile>
    <ClCompile Include="..\src\client\Window.cpp">
      <Filter>Source Files</Filter>
    </ClCompile>
    <ClCompile Include="..\src\Graphics\Objects\StaticObject.cpp">
      <Filter>Source Files\Graphics\Objects</Filter>
    </ClCompile>
    <ClCompile Include="..\src\Graphics\Objects\Grass.cpp">
      <Filter>Source Files\Graphics\Objects</Filter>
    </ClCompile>
    <ClCompile Include="..\src\Graphics\Texture.cpp">
      <Filter>Source Files\Graphics</Filter>
    </ClCompile>
  </ItemGroup>
  <ItemGroup>
    <ClInclude Include="..\src\Graphics\Camera.h">
      <Filter>Source Files\Graphics</Filter>
    </ClInclude>
    <ClInclude Include="..\src\Graphics\Mesh.h">
      <Filter>Source Files\Graphics</Filter>
    </ClInclude>
    <ClInclude Include="..\src\Graphics\Model.h">
      <Filter>Source Files\Graphics</Filter>
    </ClInclude>
    <ClInclude Include="..\src\Graphics\Nodes.h">
      <Filter>Source Files\Graphics</Filter>
    </ClInclude>
    <ClInclude Include="..\src\Graphics\PointLight.h">
      <Filter>Source Files\Graphics</Filter>
    </ClInclude>
    <ClInclude Include="..\src\Graphics\Scene.h">
      <Filter>Source Files\Graphics</Filter>
    </ClInclude>
    <ClInclude Include="..\src\Graphics\Scenegraph.h">
      <Filter>Source Files\Graphics</Filter>
    </ClInclude>
    <ClInclude Include="..\src\Graphics\Shader.h">
      <Filter>Source Files\Graphics</Filter>
    </ClInclude>
    <ClInclude Include="..\src\Graphics\Objects\Chicken.h">
      <Filter>Source Files\Graphics\Objects</Filter>
    </ClInclude>
    <ClInclude Include="..\src\Graphics\Objects\Cube.h">
      <Filter>Source Files\Graphics\Objects</Filter>
    </ClInclude>
    <ClInclude Include="..\src\network\GameData.h">
      <Filter>Source Files\Network</Filter>
    </ClInclude>
    <ClInclude Include="..\src\network\NetworkData.h">
      <Filter>Source Files\Network</Filter>
    </ClInclude>
    <ClInclude Include="..\src\network\NetworkServices.h">
      <Filter>Source Files\Network</Filter>
    </ClInclude>
    <ClInclude Include="..\src\Graphics\Objects\Cube.h">
      <Filter>Source Files\Graphics\Objects</Filter>
    </ClInclude>
    <ClInclude Include="..\src\Graphics\Objects\Ground.h">
      <Filter>Source Files\Graphics\Objects</Filter>
    </ClInclude>
    <ClInclude Include="..\src\Graphics\Objects\Entity.h">
      <Filter>Source Files\Graphics\Objects</Filter>
    </ClInclude>
    <ClInclude Include="..\src\Graphics\Objects\CubeMap.h">
      <Filter>Source Files\Graphics\Objects</Filter>
    </ClInclude>
    <ClInclude Include="..\src\client\ClientGame.h">
      <Filter>Source Files</Filter>
    </ClInclude>
    <ClInclude Include="..\src\client\ClientNetwork.h">
      <Filter>Source Files</Filter>
    </ClInclude>
    <ClInclude Include="..\src\client\Player.h">
      <Filter>Source Files</Filter>
    </ClInclude>
    <ClInclude Include="..\src\client\Window.h">
      <Filter>Source Files</Filter>
    </ClInclude>
    <ClInclude Include="..\src\Graphics\Objects\StaticObject.h">
      <Filter>Source Files\Graphics\Objects</Filter>
    </ClInclude>
    <ClInclude Include="..\src\Graphics\Texture.h">
      <Filter>Source Files\Graphics</Filter>
    </ClInclude>
  </ItemGroup>
  <ItemGroup>
    <None Include="..\src\Graphics\Shaders\basic_shader.frag">
      <Filter>Source Files\Graphics\Shaders</Filter>
    </None>
    <None Include="..\src\Graphics\Shaders\basic_shader.vert">
      <Filter>Source Files\Graphics\Shaders</Filter>
    </None>
    <None Include="..\src\Graphics\Shaders\cubemap.vert">
      <Filter>Source Files\Graphics\Shaders</Filter>
    </None>
    <None Include="..\src\Graphics\Shaders\diffuse.frag">
      <Filter>Source Files\Graphics\Shaders</Filter>
    </None>
    <None Include="..\src\Graphics\Shaders\cubemap.frag">
      <Filter>Source Files\Graphics\Shaders</Filter>
    </None>
    <None Include="..\src\Graphics\Shaders\model_loading.frag">
      <Filter>Source Files\Graphics\Shaders</Filter>
    </None>
    <None Include="..\src\Graphics\Shaders\model_loading.vert">
      <Filter>Source Files\Graphics\Shaders</Filter>
    </None>
    <None Include="..\prj\packages.config">
      <Filter>Source Files</Filter>
    </None>
    <None Include="..\src\Graphics\Shaders\instancing.frag">
      <Filter>Source Files\Graphics\Shaders</Filter>
    </None>
    <None Include="..\src\Graphics\Shaders\instancing.vert">
      <Filter>Source Files\Graphics\Shaders</Filter>
    </None>
  </ItemGroup>
  <ItemGroup>
    <Filter Include="Source Files">
      <UniqueIdentifier>{5355bb2e-f720-43d3-a56d-1ecdcac620be}</UniqueIdentifier>
    </Filter>
    <Filter Include="Source Files\Graphics">
      <UniqueIdentifier>{5c465b61-ab11-4ae6-9788-c8805e76951e}</UniqueIdentifier>
    </Filter>
    <Filter Include="Source Files\Graphics\Shaders">
      <UniqueIdentifier>{6e378534-bdb2-4e96-86f5-d62e8c08b3ba}</UniqueIdentifier>
    </Filter>
    <Filter Include="Source Files\Graphics\Objects">
      <UniqueIdentifier>{15abbdbb-ea4b-49cc-b0aa-9cc6e86ec603}</UniqueIdentifier>
    </Filter>
    <Filter Include="Source Files\Network">
      <UniqueIdentifier>{ef9abc4c-0746-4562-bfab-d02cd140fa26}</UniqueIdentifier>
    </Filter>
  </ItemGroup>
  <ItemGroup>
    <Text Include="..\src\Graphics\Objects\Grass.h">
      <Filter>Source Files\Graphics\Objects</Filter>
    </Text>
  </ItemGroup>
</Project>