<?xml version="1.0" encoding="utf-8"?>
<Project ToolsVersion="4.0" xmlns="http://schemas.microsoft.com/developer/msbuild/2003">
  <ItemGroup>
    <Filter Include="Source Files">
      <UniqueIdentifier>{4FC737F1-C7A5-4376-A066-2A32D752A2FF}</UniqueIdentifier>
      <Extensions>
      </Extensions>
    </Filter>
    <Filter Include="Resource Files">
      <UniqueIdentifier>{67DA6AB6-F800-4c08-8B7A-83BB121AAD01}</UniqueIdentifier>
      <Extensions>rc;ico;cur;bmp;dlg;rc2;rct;bin;rgs;gif;jpg;jpeg;jpe;resx;tiff;tif;png;wav;mfcribbon-ms</Extensions>
    </Filter>
    <Filter Include="Source Files\Network">
      <UniqueIdentifier>{44bf970c-bd1d-410d-bf90-b6d3f44267e8}</UniqueIdentifier>
    </Filter>
    <Filter Include="Source Files\engine">
      <UniqueIdentifier>{f6c08102-e4c8-4092-94a8-f8597e05712e}</UniqueIdentifier>
    </Filter>
    <Filter Include="Source Files\engine\Weapons">
      <UniqueIdentifier>{1aab9e0f-af05-47a9-b076-49c11569e2b3}</UniqueIdentifier>
    </Filter>
    <Filter Include="Source Files\engine\FieldDetection">
      <UniqueIdentifier>{9b8f5fb6-c9f1-40f5-bd13-c43bead33a60}</UniqueIdentifier>
    </Filter>
  </ItemGroup>
  <ItemGroup>
    <ClInclude Include="..\src\network\NetworkData.h">
      <Filter>Source Files\Network</Filter>
    </ClInclude>
    <ClInclude Include="..\src\network\NetworkServices.h">
      <Filter>Source Files\Network</Filter>
    </ClInclude>
    <ClInclude Include="..\src\network\GameData.h">
      <Filter>Source Files\Network</Filter>
    </ClInclude>
    <ClInclude Include="..\src\server\ServerGame.h">
      <Filter>Source Files</Filter>
    </ClInclude>
    <ClInclude Include="..\src\server\ServerNetwork.h">
      <Filter>Source Files</Filter>
    </ClInclude>
    <ClInclude Include="..\src\server\engine\engine.h">
      <Filter>Source Files\engine</Filter>
    </ClInclude>
    <ClInclude Include="..\src\server\engine\World.h">
      <Filter>Source Files\engine</Filter>
    </ClInclude>
    <ClInclude Include="..\src\server\engine\Player.h">
      <Filter>Source Files\engine</Filter>
    </ClInclude>
    <ClInclude Include="..\src\server\engine\Flag.h">
      <Filter>Source Files\engine</Filter>
    </ClInclude>
    <ClInclude Include="..\src\server\engine\ObjectId.h">
      <Filter>Source Files\engine</Filter>
    </ClInclude>
    <ClInclude Include="..\src\server\engine\WorldObstacle.h">
      <Filter>Source Files\engine</Filter>
    </ClInclude>
    <ClInclude Include="..\src\server\engine\Entity.h">
      <Filter>Source Files\engine</Filter>
    </ClInclude>
    <ClInclude Include="..\src\server\engine\EntitySpawner.h">
      <Filter>Source Files\engine</Filter>
    </ClInclude>
    <ClInclude Include="..\src\server\engine\Collectable.h">
      <Filter>Source Files\engine</Filter>
    </ClInclude>
    <ClInclude Include="..\src\server\engine\FireRateReset.h">
      <Filter>Source Files\engine\Weapons</Filter>
    </ClInclude>
    <ClInclude Include="..\src\server\engine\Weapon.h">
      <Filter>Source Files\engine\Weapons</Filter>
    </ClInclude>
    <ClInclude Include="..\src\server\engine\SeedGun.h">
      <Filter>Source Files\engine\Weapons</Filter>
    </ClInclude>
    <ClInclude Include="..\src\server\engine\Bullet.h">
      <Filter>Source Files\engine\Weapons</Filter>
    </ClInclude>
    <ClInclude Include="..\src\server\engine\DamageField.h">
      <Filter>Source Files\engine\FieldDetection</Filter>
    </ClInclude>
    <ClInclude Include="..\src\server\engine\FieldObject.h">
      <Filter>Source Files\engine\FieldDetection</Filter>
    </ClInclude>
    <ClInclude Include="..\src\server\engine\Peck.h">
      <Filter>Source Files\engine\Weapons</Filter>
    </ClInclude>
    <ClInclude Include="..\src\ConfigManager.h">
      <Filter>Source Files</Filter>
    </ClInclude>
    <ClInclude Include="..\src\server\engine\RespawnHandler.h">
      <Filter>Source Files\engine</Filter>
    </ClInclude>
    <ClInclude Include="..\src\server\engine\FieldHandler.h">
      <Filter>Source Files\engine\FieldDetection</Filter>
    </ClInclude>
    <ClInclude Include="..\src\server\engine\GrenadeLauncher.h">
      <Filter>Source Files\engine\Weapons</Filter>
    </ClInclude>
    <ClInclude Include="..\src\server\engine\CollectableSpawner.h">
      <Filter>Source Files\engine</Filter>
    </ClInclude>
    <ClInclude Include="..\src\server\engine\BulletCollisionHandler.h">
      <Filter>Source Files\engine\Weapons</Filter>
    </ClInclude>
    <ClInclude Include="..\src\server\engine\SimpleBulletCollision.h">
      <Filter>Source Files\engine\Weapons</Filter>
    </ClInclude>
    <ClInclude Include="..\src\server\engine\BounceGun.h">
      <Filter>Source Files\engine\Weapons</Filter>
    </ClInclude>
    <ClInclude Include="..\src\server\engine\BounceBulletCollision.h">
      <Filter>Source Files\engine\Weapons</Filter>
    </ClInclude>
    <ClInclude Include="..\src\server\engine\ExplosiveBulletCollision.h">
      <Filter>Source Files\engine\Weapons</Filter>
    </ClInclude>
    <ClInclude Include="..\src\server\engine\TeleportGun.h">
      <Filter>Source Files\engine\Weapons</Filter>
    </ClInclude>
    <ClInclude Include="..\src\server\engine\PlayerModifierCollision.h">
      <Filter>Source Files\engine\Weapons</Filter>
    </ClInclude>
    <ClInclude Include="..\src\server\engine\BlastMine.h">
      <Filter>Source Files\engine\Weapons</Filter>
    </ClInclude>
    <ClInclude Include="..\src\server\engine\MineBulletHandler.h">
      <Filter>Source Files\engine\Weapons</Filter>
    </ClInclude>
    <ClInclude Include="..\src\server\engine\BlastField.h">
      <Filter>Source Files\engine\FieldDetection</Filter>
    </ClInclude>
  </ItemGroup>
  <ItemGroup>
    <ClCompile Include="..\src\network\NetworkServices.cpp">
      <Filter>Source Files\Network</Filter>
    </ClCompile>
    <ClCompile Include="..\src\server\main.cpp">
      <Filter>Source Files</Filter>
    </ClCompile>
    <ClCompile Include="..\src\server\ServerGame.cpp">
      <Filter>Source Files</Filter>
    </ClCompile>
    <ClCompile Include="..\src\server\ServerNetwork.cpp">
      <Filter>Source Files</Filter>
    </ClCompile>
    <ClCompile Include="..\src\server\engine\engine.cpp">
      <Filter>Source Files\engine</Filter>
    </ClCompile>
    <ClCompile Include="..\src\server\engine\World.cpp">
      <Filter>Source Files\engine</Filter>
    </ClCompile>
    <ClCompile Include="..\src\server\engine\Player.cpp">
      <Filter>Source Files\engine</Filter>
    </ClCompile>
    <ClCompile Include="..\src\server\engine\Flag.cpp">
      <Filter>Source Files\engine</Filter>
    </ClCompile>
    <ClCompile Include="..\src\server\engine\WorldObstacle.cpp">
      <Filter>Source Files\engine</Filter>
    </ClCompile>
    <ClCompile Include="..\src\server\engine\Entity.cpp">
      <Filter>Source Files\engine</Filter>
    </ClCompile>
    <ClCompile Include="..\src\server\engine\EntitySpawner.cpp">
      <Filter>Source Files\engine</Filter>
    </ClCompile>
    <ClCompile Include="..\src\server\engine\Collectable.cpp">
      <Filter>Source Files\engine</Filter>
    </ClCompile>
    <ClCompile Include="..\src\server\engine\FireRateReset.cpp">
      <Filter>Source Files\engine\Weapons</Filter>
    </ClCompile>
    <ClCompile Include="..\src\server\engine\Weapon.cpp">
      <Filter>Source Files\engine\Weapons</Filter>
    </ClCompile>
    <ClCompile Include="..\src\server\engine\SeedGun.cpp">
      <Filter>Source Files\engine\Weapons</Filter>
    </ClCompile>
    <ClCompile Include="..\src\server\engine\Bullet.cpp">
      <Filter>Source Files\engine\Weapons</Filter>
    </ClCompile>
    <ClCompile Include="..\src\server\engine\DamageField.cpp">
      <Filter>Source Files\engine\FieldDetection</Filter>
    </ClCompile>
    <ClCompile Include="..\src\server\engine\FieldObject.cpp">
      <Filter>Source Files\engine\FieldDetection</Filter>
    </ClCompile>
    <ClCompile Include="..\src\server\engine\Peck.cpp">
      <Filter>Source Files\engine\Weapons</Filter>
    </ClCompile>
    <ClCompile Include="..\src\ConfigManager.cpp">
      <Filter>Source Files</Filter>
    </ClCompile>
    <ClCompile Include="..\src\server\engine\RespawnHandler.cpp">
      <Filter>Source Files\engine</Filter>
    </ClCompile>
    <ClCompile Include="..\src\server\engine\FieldHandler.cpp">
      <Filter>Source Files\engine\FieldDetection</Filter>
    </ClCompile>
    <ClCompile Include="..\src\server\engine\GrenadeLauncher.cpp">
      <Filter>Source Files\engine\Weapons</Filter>
    </ClCompile>
    <ClCompile Include="..\src\server\engine\CollectableSpawner.cpp">
      <Filter>Source Files\engine</Filter>
    </ClCompile>
    <ClCompile Include="..\src\server\engine\BounceGun.cpp">
      <Filter>Source Files\engine\Weapons</Filter>
    </ClCompile>
    <ClCompile Include="..\src\server\engine\ExplosiveBulletCollision.cpp">
      <Filter>Source Files\engine\Weapons</Filter>
    </ClCompile>
    <ClCompile Include="..\src\server\engine\TeleportGun.cpp">
      <Filter>Source Files\engine\Weapons</Filter>
    </ClCompile>
    <ClCompile Include="..\src\server\engine\PlayerModifierCollision.cpp">
      <Filter>Source Files\engine\Weapons</Filter>
    </ClCompile>
    <ClCompile Include="..\src\server\engine\BlastMine.cpp">
      <Filter>Source Files\engine\Weapons</Filter>
    </ClCompile>
    <ClCompile Include="..\src\server\engine\MineBulletHandler.cpp">
      <Filter>Source Files\engine\Weapons</Filter>
    </ClCompile>
    <ClCompile Include="..\src\server\engine\BlastField.cpp">
      <Filter>Source Files\engine\FieldDetection</Filter>
    </ClCompile>
  </ItemGroup>
</Project>